# Code generated by scarb DO NOT EDIT.
version = 1

[[package]]
name = "governance"
version = "0.2.0"
dependencies = [
 "snforge_std",
]

[[package]]
name = "snforge_std"
version = "0.1.0"
source = "git+https://github.com/foundry-rs/starknet-foundry.git?branch=war-in%2F1212-1175-switch-to-universal-sierra-compilation#6ef2a07c76951c9d1c776c93427daa1eb966f1e9"
