# Code generated by scarb DO NOT EDIT.
version = 1

[[package]]
name = "konoha"
version = "1.0.0"
dependencies = [
 "openzeppelin",
 "snforge_std",
]

[[package]]
name = "openzeppelin"
version = "0.11.0"
source = "git+https://github.com/OpenZeppelin/cairo-contracts.git?tag=v0.11.0#a83f36b23f1af6e160288962be4a2701c3ecbcda"

[[package]]
name = "snforge_std"
version = "0.23.0"
source = "git+https://github.com/foundry-rs/starknet-foundry.git?tag=v0.23.0#f2bff8f796763ada77fe6033ec1b034ceee22abd"
